{
  "originHash" : "b03b3ef329f5d00ccb240ab01e82ed292ff5d42b0351f222f63ea7caf5ae40ad",
  "pins" : [
    {
      "identity" : "swiftlocation",
      "kind" : "remoteSourceControl",
      "location" : "https://github.com/malcommac/SwiftLocation",
      "state" : {
        "revision" : "010073e62cea4daefea61042a51b8619d23cdc35",
        "version" : "6.0.0"
      }
    }
  ],
  "version" : 3
}
